
Microsoft Visual Studio Solution File, Format Version 12.00
# Visual Studio 15
VisualStudioVersion = 15.0.27428.2043
MinimumVisualStudioVersion = 10.0.40219.1
Project("{FAE04EC0-301F-11D3-BF4B-00C04F79EFBC}") = "TUI.Project1", "TUI.Project1\TUI.Project1.csproj", "{282BA2B1-12C6-4609-83CE-830D157B38AD}"
EndProject
Project("{FAE04EC0-301F-11D3-BF4B-00C04F79EFBC}") = "TUI.Project1.Tests", "TUI.Project1.Tests\TUI.Project1.Tests.csproj", "{60CB8B8A-BE8B-4E5B-962E-0164D0B1A533}"
EndProject
Project("{FAE04EC0-301F-11D3-BF4B-00C04F79EFBC}") = "TUI.Places", "TUI.Places\TUI.Places.csproj", "{D86DB577-3604-4072-8A8D-C3E1B6A546EC}"
EndProject
Project("{FAE04EC0-301F-11D3-BF4B-00C04F79EFBC}") = "TUI.Transportations", "TUI.Transportations\TUI.Transportations.csproj", "{1B7F6C32-DDA1-4FCD-A671-583484BC8012}"
EndProject
Project("{2150E333-8FDC-42A3-9474-1A3956D46DE8}") = "Model", "Model", "{A4A11B42-1607-4881-A5F6-906A4F05F3DD}"
EndProject
Project("{FAE04EC0-301F-11D3-BF4B-00C04F79EFBC}") = "TUI.Transportations.Air", "TUI.Transportations.Air\TUI.Transportations.Air.csproj", "{E90F39E7-C0F6-4C32-A230-EBDC3D057C5C}"
EndProject
Project("{FAE04EC0-301F-11D3-BF4B-00C04F79EFBC}") = "TUI.Data.Acces", "TUI.Data.Acces\TUI.Data.Acces.csproj", "{4FCEE010-1484-400F-8EED-AFC08FC669EC}"
EndProject
Project("{FAE04EC0-301F-11D3-BF4B-00C04F79EFBC}") = "TUI.Data.Access.Test", "TUI.Data.Access.Test\TUI.Data.Access.Test.csproj", "{419C7BBB-1E0A-408A-9FB9-9E11A622694D}"
EndProject
Global
	GlobalSection(SolutionConfigurationPlatforms) = preSolution
		Debug|Any CPU = Debug|Any CPU
		Release|Any CPU = Release|Any CPU
	EndGlobalSection
	GlobalSection(ProjectConfigurationPlatforms) = postSolution
		{282BA2B1-12C6-4609-83CE-830D157B38AD}.Debug|Any CPU.ActiveCfg = Debug|Any CPU
		{282BA2B1-12C6-4609-83CE-830D157B38AD}.Debug|Any CPU.Build.0 = Debug|Any CPU
		{282BA2B1-12C6-4609-83CE-830D157B38AD}.Release|Any CPU.ActiveCfg = Release|Any CPU
		{282BA2B1-12C6-4609-83CE-830D157B38AD}.Release|Any CPU.Build.0 = Release|Any CPU
		{60CB8B8A-BE8B-4E5B-962E-0164D0B1A533}.Debug|Any CPU.ActiveCfg = Debug|Any CPU
		{60CB8B8A-BE8B-4E5B-962E-0164D0B1A533}.Debug|Any CPU.Build.0 = Debug|Any CPU
		{60CB8B8A-BE8B-4E5B-962E-0164D0B1A533}.Release|Any CPU.ActiveCfg = Release|Any CPU
		{60CB8B8A-BE8B-4E5B-962E-0164D0B1A533}.Release|Any CPU.Build.0 = Release|Any CPU
		{D86DB577-3604-4072-8A8D-C3E1B6A546EC}.Debug|Any CPU.ActiveCfg = Debug|Any CPU
		{D86DB577-3604-4072-8A8D-C3E1B6A546EC}.Debug|Any CPU.Build.0 = Debug|Any CPU
		{D86DB577-3604-4072-8A8D-C3E1B6A546EC}.Release|Any CPU.ActiveCfg = Release|Any CPU
		{D86DB577-3604-4072-8A8D-C3E1B6A546EC}.Release|Any CPU.Build.0 = Release|Any CPU
		{1B7F6C32-DDA1-4FCD-A671-583484BC8012}.Debug|Any CPU.ActiveCfg = Debug|Any CPU
		{1B7F6C32-DDA1-4FCD-A671-583484BC8012}.Debug|Any CPU.Build.0 = Debug|Any CPU
		{1B7F6C32-DDA1-4FCD-A671-583484BC8012}.Release|Any CPU.ActiveCfg = Release|Any CPU
		{1B7F6C32-DDA1-4FCD-A671-583484BC8012}.Release|Any CPU.Build.0 = Release|Any CPU
		{E90F39E7-C0F6-4C32-A230-EBDC3D057C5C}.Debug|Any CPU.ActiveCfg = Debug|Any CPU
		{E90F39E7-C0F6-4C32-A230-EBDC3D057C5C}.Debug|Any CPU.Build.0 = Debug|Any CPU
		{E90F39E7-C0F6-4C32-A230-EBDC3D057C5C}.Release|Any CPU.ActiveCfg = Release|Any CPU
		{E90F39E7-C0F6-4C32-A230-EBDC3D057C5C}.Release|Any CPU.Build.0 = Release|Any CPU
		{4FCEE010-1484-400F-8EED-AFC08FC669EC}.Debug|Any CPU.ActiveCfg = Debug|Any CPU
		{4FCEE010-1484-400F-8EED-AFC08FC669EC}.Debug|Any CPU.Build.0 = Debug|Any CPU
		{4FCEE010-1484-400F-8EED-AFC08FC669EC}.Release|Any CPU.ActiveCfg = Release|Any CPU
		{4FCEE010-1484-400F-8EED-AFC08FC669EC}.Release|Any CPU.Build.0 = Release|Any CPU
		{419C7BBB-1E0A-408A-9FB9-9E11A622694D}.Debug|Any CPU.ActiveCfg = Debug|Any CPU
		{419C7BBB-1E0A-408A-9FB9-9E11A622694D}.Debug|Any CPU.Build.0 = Debug|Any CPU
		{419C7BBB-1E0A-408A-9FB9-9E11A622694D}.Release|Any CPU.ActiveCfg = Release|Any CPU
		{419C7BBB-1E0A-408A-9FB9-9E11A622694D}.Release|Any CPU.Build.0 = Release|Any CPU
	EndGlobalSection
	GlobalSection(SolutionProperties) = preSolution
		HideSolutionNode = FALSE
	EndGlobalSection
	GlobalSection(NestedProjects) = preSolution
		{D86DB577-3604-4072-8A8D-C3E1B6A546EC} = {A4A11B42-1607-4881-A5F6-906A4F05F3DD}
		{1B7F6C32-DDA1-4FCD-A671-583484BC8012} = {A4A11B42-1607-4881-A5F6-906A4F05F3DD}
		{E90F39E7-C0F6-4C32-A230-EBDC3D057C5C} = {A4A11B42-1607-4881-A5F6-906A4F05F3DD}
	EndGlobalSection
	GlobalSection(ExtensibilityGlobals) = postSolution
		SolutionGuid = {61F63553-CDF2-4BB7-AB7F-DC97529047D5}
	EndGlobalSection
EndGlobal
